
Microsoft Visual Studio Solution File, Format Version 12.00
# Visual Studio 15
VisualStudioVersion = 15.0.26228.9
MinimumVisualStudioVersion = 10.0.40219.1
Project("{FAE04EC0-301F-11D3-BF4B-00C04F79EFBC}") = "DiConstructorGeneratorExtension", "DiConstructorGeneratorExtension\DiConstructorGeneratorExtension\DiConstructorGeneratorExtension.csproj", "{AF041FBC-90C7-42DB-888F-9D3AE0BBDACC}"
EndProject
Project("{FAE04EC0-301F-11D3-BF4B-00C04F79EFBC}") = "DiConstructorGeneratorExtension.Vsix", "DiConstructorGeneratorExtension\DiConstructorGeneratorExtension.Vsix\DiConstructorGeneratorExtension.Vsix.csproj", "{E85C1040-5AB5-44D7-9578-B447055566D5}"
EndProject
Global
	GlobalSection(SolutionConfigurationPlatforms) = preSolution
		Debug|Any CPU = Debug|Any CPU
		Release|Any CPU = Release|Any CPU
	EndGlobalSection
	GlobalSection(ProjectConfigurationPlatforms) = postSolution
		{AF041FBC-90C7-42DB-888F-9D3AE0BBDACC}.Debug|Any CPU.ActiveCfg = Debug|Any CPU
		{AF041FBC-90C7-42DB-888F-9D3AE0BBDACC}.Debug|Any CPU.Build.0 = Debug|Any CPU
		{AF041FBC-90C7-42DB-888F-9D3AE0BBDACC}.Release|Any CPU.ActiveCfg = Release|Any CPU
		{AF041FBC-90C7-42DB-888F-9D3AE0BBDACC}.Release|Any CPU.Build.0 = Release|Any CPU
		{E85C1040-5AB5-44D7-9578-B447055566D5}.Debug|Any CPU.ActiveCfg = Debug|Any CPU
		{E85C1040-5AB5-44D7-9578-B447055566D5}.Debug|Any CPU.Build.0 = Debug|Any CPU
		{E85C1040-5AB5-44D7-9578-B447055566D5}.Release|Any CPU.ActiveCfg = Release|Any CPU
		{E85C1040-5AB5-44D7-9578-B447055566D5}.Release|Any CPU.Build.0 = Release|Any CPU
	EndGlobalSection
	GlobalSection(SolutionProperties) = preSolution
		HideSolutionNode = FALSE
	EndGlobalSection
EndGlobal
